
Microsoft Visual Studio Solution File, Format Version 12.00
# Visual Studio Version 16
VisualStudioVersion = 16.0.32901.82
MinimumVisualStudioVersion = 10.0.40219.1
Project("{FAE04EC0-301F-11D3-BF4B-00C04F79EFBC}") = "ExcelVTEntegrasyonProjesi", "ExcelVTEntegrasyonProjesi\ExcelVTEntegrasyonProjesi.csproj", "{6FA07C0F-F68B-4BB9-AE69-8837017B6018}"
EndProject
Global
	GlobalSection(SolutionConfigurationPlatforms) = preSolution
		Debug|Any CPU = Debug|Any CPU
		Release|Any CPU = Release|Any CPU
	EndGlobalSection
	GlobalSection(ProjectConfigurationPlatforms) = postSolution
		{6FA07C0F-F68B-4BB9-AE69-8837017B6018}.Debug|Any CPU.ActiveCfg = Debug|Any CPU
		{6FA07C0F-F68B-4BB9-AE69-8837017B6018}.Debug|Any CPU.Build.0 = Debug|Any CPU
		{6FA07C0F-F68B-4BB9-AE69-8837017B6018}.Release|Any CPU.ActiveCfg = Release|Any CPU
		{6FA07C0F-F68B-4BB9-AE69-8837017B6018}.Release|Any CPU.Build.0 = Release|Any CPU
	EndGlobalSection
	GlobalSection(SolutionProperties) = preSolution
		HideSolutionNode = FALSE
	EndGlobalSection
	GlobalSection(ExtensibilityGlobals) = postSolution
		SolutionGuid = {A7A4DF02-1B25-4D34-B8FA-7285505224ED}
	EndGlobalSection
EndGlobal
